
Microsoft Visual Studio Solution File, Format Version 12.00
# Visual Studio 2012
Project("{FAE04EC0-301F-11D3-BF4B-00C04F79EFBC}") = "AppMetricaXamarin", "AppMetricaXamarin\AppMetricaXamarin.csproj", "{4E057CA4-5A5F-41EB-A0B1-9EC2DD36A779}"
EndProject
Project("{FAE04EC0-301F-11D3-BF4B-00C04F79EFBC}") = "AppMetricaXamarin.iOS", "iOS\AppMetricaXamarin.iOS.csproj", "{9384E622-EDE1-4982-BD87-0E9809F0E3DD}"
EndProject
Project("{FAE04EC0-301F-11D3-BF4B-00C04F79EFBC}") = "AppMetricaXamarin.Droid", "Droid\AppMetricaXamarin.Droid.csproj", "{862DCB70-32E1-49A2-A851-94433880B96D}"
EndProject
Global
	GlobalSection(SolutionConfigurationPlatforms) = preSolution
		Debug|Any CPU = Debug|Any CPU
		Release|Any CPU = Release|Any CPU
		Debug|iPhoneSimulator = Debug|iPhoneSimulator
		Release|iPhone = Release|iPhone
		Release|iPhoneSimulator = Release|iPhoneSimulator
		Debug|iPhone = Debug|iPhone
	EndGlobalSection
	GlobalSection(ProjectConfigurationPlatforms) = postSolution
		{4E057CA4-5A5F-41EB-A0B1-9EC2DD36A779}.Debug|Any CPU.ActiveCfg = Debug|Any CPU
		{4E057CA4-5A5F-41EB-A0B1-9EC2DD36A779}.Debug|Any CPU.Build.0 = Debug|Any CPU
		{4E057CA4-5A5F-41EB-A0B1-9EC2DD36A779}.Release|Any CPU.ActiveCfg = Release|Any CPU
		{4E057CA4-5A5F-41EB-A0B1-9EC2DD36A779}.Release|Any CPU.Build.0 = Release|Any CPU
		{4E057CA4-5A5F-41EB-A0B1-9EC2DD36A779}.Debug|iPhoneSimulator.ActiveCfg = Debug|Any CPU
		{4E057CA4-5A5F-41EB-A0B1-9EC2DD36A779}.Debug|iPhoneSimulator.Build.0 = Debug|Any CPU
		{4E057CA4-5A5F-41EB-A0B1-9EC2DD36A779}.Release|iPhone.ActiveCfg = Release|Any CPU
		{4E057CA4-5A5F-41EB-A0B1-9EC2DD36A779}.Release|iPhone.Build.0 = Release|Any CPU
		{4E057CA4-5A5F-41EB-A0B1-9EC2DD36A779}.Release|iPhoneSimulator.ActiveCfg = Release|Any CPU
		{4E057CA4-5A5F-41EB-A0B1-9EC2DD36A779}.Release|iPhoneSimulator.Build.0 = Release|Any CPU
		{4E057CA4-5A5F-41EB-A0B1-9EC2DD36A779}.Debug|iPhone.ActiveCfg = Debug|Any CPU
		{4E057CA4-5A5F-41EB-A0B1-9EC2DD36A779}.Debug|iPhone.Build.0 = Debug|Any CPU
		{9384E622-EDE1-4982-BD87-0E9809F0E3DD}.Debug|Any CPU.ActiveCfg = Debug|iPhoneSimulator
		{9384E622-EDE1-4982-BD87-0E9809F0E3DD}.Debug|Any CPU.Build.0 = Debug|iPhoneSimulator
		{9384E622-EDE1-4982-BD87-0E9809F0E3DD}.Release|Any CPU.ActiveCfg = Release|iPhone
		{9384E622-EDE1-4982-BD87-0E9809F0E3DD}.Release|Any CPU.Build.0 = Release|iPhone
		{9384E622-EDE1-4982-BD87-0E9809F0E3DD}.Debug|iPhoneSimulator.ActiveCfg = Debug|iPhoneSimulator
		{9384E622-EDE1-4982-BD87-0E9809F0E3DD}.Debug|iPhoneSimulator.Build.0 = Debug|iPhoneSimulator
		{9384E622-EDE1-4982-BD87-0E9809F0E3DD}.Release|iPhone.ActiveCfg = Release|iPhone
		{9384E622-EDE1-4982-BD87-0E9809F0E3DD}.Release|iPhone.Build.0 = Release|iPhone
		{9384E622-EDE1-4982-BD87-0E9809F0E3DD}.Release|iPhoneSimulator.ActiveCfg = Release|iPhoneSimulator
		{9384E622-EDE1-4982-BD87-0E9809F0E3DD}.Release|iPhoneSimulator.Build.0 = Release|iPhoneSimulator
		{9384E622-EDE1-4982-BD87-0E9809F0E3DD}.Debug|iPhone.ActiveCfg = Debug|iPhone
		{9384E622-EDE1-4982-BD87-0E9809F0E3DD}.Debug|iPhone.Build.0 = Debug|iPhone
		{862DCB70-32E1-49A2-A851-94433880B96D}.Debug|Any CPU.ActiveCfg = Debug|Any CPU
		{862DCB70-32E1-49A2-A851-94433880B96D}.Debug|Any CPU.Build.0 = Debug|Any CPU
		{862DCB70-32E1-49A2-A851-94433880B96D}.Release|Any CPU.ActiveCfg = Release|Any CPU
		{862DCB70-32E1-49A2-A851-94433880B96D}.Release|Any CPU.Build.0 = Release|Any CPU
		{862DCB70-32E1-49A2-A851-94433880B96D}.Debug|iPhoneSimulator.ActiveCfg = Debug|Any CPU
		{862DCB70-32E1-49A2-A851-94433880B96D}.Debug|iPhoneSimulator.Build.0 = Debug|Any CPU
		{862DCB70-32E1-49A2-A851-94433880B96D}.Release|iPhone.ActiveCfg = Release|Any CPU
		{862DCB70-32E1-49A2-A851-94433880B96D}.Release|iPhone.Build.0 = Release|Any CPU
		{862DCB70-32E1-49A2-A851-94433880B96D}.Release|iPhoneSimulator.ActiveCfg = Release|Any CPU
		{862DCB70-32E1-49A2-A851-94433880B96D}.Release|iPhoneSimulator.Build.0 = Release|Any CPU
		{862DCB70-32E1-49A2-A851-94433880B96D}.Debug|iPhone.ActiveCfg = Debug|Any CPU
		{862DCB70-32E1-49A2-A851-94433880B96D}.Debug|iPhone.Build.0 = Debug|Any CPU
	EndGlobalSection
EndGlobal
